{
  "name": "microfrontendsDemo",
  "lockfileVersion": 3,
  "requires": true,
  "packages": {
    "": {
      "dependencies": {
        "single-spa": "^5.9.5"
      }
    },
    "node_modules/single-spa": {
      "version": "5.9.5",
      "resolved": "https://registry.npmjs.org/single-spa/-/single-spa-5.9.5.tgz",
      "integrity": "sha512-9SQdmsyz4HSP+3gs6PJzhkaMEg+6zTlu9oxIghnwUX3eq+ajq4ft5egl0iyR55LAmO/UwvU8NgIWs/ZyQMa6dw=="
    }
  }
}
